
Microsoft Visual Studio Solution File, Format Version 12.00
# Visual Studio Version 17
VisualStudioVersion = 17.14.37111.16 d17.14
MinimumVisualStudioVersion = 10.0.40219.1
Project("{FAE04EC0-301F-11D3-BF4B-00C04F79EFBC}") = "Assignment-1", "Assignment-1\Assignment-1.csproj", "{06BE991A-BA32-408C-8CEA-B2E100D7725B}"
EndProject
Global
	GlobalSection(SolutionConfigurationPlatforms) = preSolution
		Debug|Any CPU = Debug|Any CPU
		Release|Any CPU = Release|Any CPU
	EndGlobalSection
	GlobalSection(ProjectConfigurationPlatforms) = postSolution
		{06BE991A-BA32-408C-8CEA-B2E100D7725B}.Debug|Any CPU.ActiveCfg = Debug|Any CPU
		{06BE991A-BA32-408C-8CEA-B2E100D7725B}.Debug|Any CPU.Build.0 = Debug|Any CPU
		{06BE991A-BA32-408C-8CEA-B2E100D7725B}.Release|Any CPU.ActiveCfg = Release|Any CPU
		{06BE991A-BA32-408C-8CEA-B2E100D7725B}.Release|Any CPU.Build.0 = Release|Any CPU
	EndGlobalSection
	GlobalSection(SolutionProperties) = preSolution
		HideSolutionNode = FALSE
	EndGlobalSection
	GlobalSection(ExtensibilityGlobals) = postSolution
		SolutionGuid = {F5CB7FFD-8042-4712-A3C2-81A2127448D0}
	EndGlobalSection
EndGlobal
