
Microsoft Visual Studio Solution File, Format Version 12.00
# Visual Studio Version 17
VisualStudioVersion = 17.14.37111.16 d17.14
MinimumVisualStudioVersion = 10.0.40219.1
Project("{FAE04EC0-301F-11D3-BF4B-00C04F79EFBC}") = "CodeChallenge-2", "CodeChallenge-2\CodeChallenge-2.csproj", "{5E6C9E51-84B0-4604-96D3-C90F24C1BEC8}"
EndProject
Global
	GlobalSection(SolutionConfigurationPlatforms) = preSolution
		Debug|Any CPU = Debug|Any CPU
		Release|Any CPU = Release|Any CPU
	EndGlobalSection
	GlobalSection(ProjectConfigurationPlatforms) = postSolution
		{5E6C9E51-84B0-4604-96D3-C90F24C1BEC8}.Debug|Any CPU.ActiveCfg = Debug|Any CPU
		{5E6C9E51-84B0-4604-96D3-C90F24C1BEC8}.Debug|Any CPU.Build.0 = Debug|Any CPU
		{5E6C9E51-84B0-4604-96D3-C90F24C1BEC8}.Release|Any CPU.ActiveCfg = Release|Any CPU
		{5E6C9E51-84B0-4604-96D3-C90F24C1BEC8}.Release|Any CPU.Build.0 = Release|Any CPU
	EndGlobalSection
	GlobalSection(SolutionProperties) = preSolution
		HideSolutionNode = FALSE
	EndGlobalSection
	GlobalSection(ExtensibilityGlobals) = postSolution
		SolutionGuid = {97B9220C-7B5D-4C65-B74C-833BFF62A971}
	EndGlobalSection
EndGlobal
